
Microsoft Visual Studio Solution File, Format Version 12.00
# Visual Studio Version 17
VisualStudioVersion = 17.4.33213.308
MinimumVisualStudioVersion = 10.0.40219.1
Project("{FAE04EC0-301F-11D3-BF4B-00C04F79EFBC}") = "QUẢN LÝ CỬA HÀNG BÁN GIÀY SNEAKER", "QUẢN LÝ CỬA HÀNG BÁN GIÀY SNEAKER\QUẢN LÝ CỬA HÀNG BÁN GIÀY SNEAKER.csproj", "{8D8A80D5-4D21-4355-BFB5-8713541DFB04}"
EndProject
Project("{FAE04EC0-301F-11D3-BF4B-00C04F79EFBC}") = "DTO", "DTO\DTO.csproj", "{73B7ADA0-BD7E-4134-A164-2C6461E56A08}"
EndProject
Project("{FAE04EC0-301F-11D3-BF4B-00C04F79EFBC}") = "DAO", "DAO\DAO.csproj", "{FC31799A-B32C-4023-A5A5-B9E05B538DA5}"
EndProject
Project("{FAE04EC0-301F-11D3-BF4B-00C04F79EFBC}") = "BLL", "BLL\BLL.csproj", "{2600187F-97F9-4A8F-925E-E7DBB0870FCB}"
EndProject
Project("{FAE04EC0-301F-11D3-BF4B-00C04F79EFBC}") = "TOOL", "TOOL\TOOL.csproj", "{A8ECF7CA-9F91-4ACA-BD49-384FF13DBD17}"
EndProject
Global
	GlobalSection(SolutionConfigurationPlatforms) = preSolution
		Debug|Any CPU = Debug|Any CPU
		Release|Any CPU = Release|Any CPU
	EndGlobalSection
	GlobalSection(ProjectConfigurationPlatforms) = postSolution
		{8D8A80D5-4D21-4355-BFB5-8713541DFB04}.Debug|Any CPU.ActiveCfg = Debug|Any CPU
		{8D8A80D5-4D21-4355-BFB5-8713541DFB04}.Debug|Any CPU.Build.0 = Debug|Any CPU
		{8D8A80D5-4D21-4355-BFB5-8713541DFB04}.Release|Any CPU.ActiveCfg = Release|Any CPU
		{8D8A80D5-4D21-4355-BFB5-8713541DFB04}.Release|Any CPU.Build.0 = Release|Any CPU
		{73B7ADA0-BD7E-4134-A164-2C6461E56A08}.Debug|Any CPU.ActiveCfg = Debug|Any CPU
		{73B7ADA0-BD7E-4134-A164-2C6461E56A08}.Debug|Any CPU.Build.0 = Debug|Any CPU
		{73B7ADA0-BD7E-4134-A164-2C6461E56A08}.Release|Any CPU.ActiveCfg = Release|Any CPU
		{73B7ADA0-BD7E-4134-A164-2C6461E56A08}.Release|Any CPU.Build.0 = Release|Any CPU
		{FC31799A-B32C-4023-A5A5-B9E05B538DA5}.Debug|Any CPU.ActiveCfg = Debug|Any CPU
		{FC31799A-B32C-4023-A5A5-B9E05B538DA5}.Debug|Any CPU.Build.0 = Debug|Any CPU
		{FC31799A-B32C-4023-A5A5-B9E05B538DA5}.Release|Any CPU.ActiveCfg = Release|Any CPU
		{FC31799A-B32C-4023-A5A5-B9E05B538DA5}.Release|Any CPU.Build.0 = Release|Any CPU
		{2600187F-97F9-4A8F-925E-E7DBB0870FCB}.Debug|Any CPU.ActiveCfg = Debug|Any CPU
		{2600187F-97F9-4A8F-925E-E7DBB0870FCB}.Debug|Any CPU.Build.0 = Debug|Any CPU
		{2600187F-97F9-4A8F-925E-E7DBB0870FCB}.Release|Any CPU.ActiveCfg = Release|Any CPU
		{2600187F-97F9-4A8F-925E-E7DBB0870FCB}.Release|Any CPU.Build.0 = Release|Any CPU
		{A8ECF7CA-9F91-4ACA-BD49-384FF13DBD17}.Debug|Any CPU.ActiveCfg = Debug|Any CPU
		{A8ECF7CA-9F91-4ACA-BD49-384FF13DBD17}.Debug|Any CPU.Build.0 = Debug|Any CPU
		{A8ECF7CA-9F91-4ACA-BD49-384FF13DBD17}.Release|Any CPU.ActiveCfg = Release|Any CPU
		{A8ECF7CA-9F91-4ACA-BD49-384FF13DBD17}.Release|Any CPU.Build.0 = Release|Any CPU
	EndGlobalSection
	GlobalSection(SolutionProperties) = preSolution
		HideSolutionNode = FALSE
	EndGlobalSection
	GlobalSection(ExtensibilityGlobals) = postSolution
		SolutionGuid = {8FCF7A39-BB33-437F-BD33-B18ADB58CF0E}
	EndGlobalSection
EndGlobal
